// !$*UTF8*$!
{
	archiveVersion = 1;
	classes = {
	};
	objectVersion = 46;
	objects = {

/* Begin PBXBuildFile section */
		72718D851C3C26DE00E5C53B /* QuestionCreationTests.m in Sources */ = {isa = PBXBuildFile; fileRef = 72718D841C3C26DE00E5C53B /* QuestionCreationTests.m */; };
		72718D881C3C28B600E5C53B /* StackOverflowManager.m in Sources */ = {isa = PBXBuildFile; fileRef = 72718D871C3C28B600E5C53B /* StackOverflowManager.m */; };
		72718D891C3C28B600E5C53B /* StackOverflowManager.m in Sources */ = {isa = PBXBuildFile; fileRef = 72718D871C3C28B600E5C53B /* StackOverflowManager.m */; };
		72718D901C3C292400E5C53B /* MockStackOverflowManagerDelegate.m in Sources */ = {isa = PBXBuildFile; fileRef = 72718D8F1C3C292400E5C53B /* MockStackOverflowManagerDelegate.m */; };
		72718D931C3C2DDC00E5C53B /* StackOverflowCommunicator.m in Sources */ = {isa = PBXBuildFile; fileRef = 72718D921C3C2DDC00E5C53B /* StackOverflowCommunicator.m */; };
		72718D941C3C2DDC00E5C53B /* StackOverflowCommunicator.m in Sources */ = {isa = PBXBuildFile; fileRef = 72718D921C3C2DDC00E5C53B /* StackOverflowCommunicator.m */; };
		72718D971C3C2DEA00E5C53B /* MockStackOverflowCommunicator.m in Sources */ = {isa = PBXBuildFile; fileRef = 72718D961C3C2DEA00E5C53B /* MockStackOverflowCommunicator.m */; };
		72718D9D1C3C542800E5C53B /* QuestionBuilder.m in Sources */ = {isa = PBXBuildFile; fileRef = 72718D9C1C3C542800E5C53B /* QuestionBuilder.m */; };
		72718D9E1C3C542800E5C53B /* QuestionBuilder.m in Sources */ = {isa = PBXBuildFile; fileRef = 72718D9C1C3C542800E5C53B /* QuestionBuilder.m */; };
		72718DA11C3C543900E5C53B /* FakeQuestionBuilder.m in Sources */ = {isa = PBXBuildFile; fileRef = 72718DA01C3C543900E5C53B /* FakeQuestionBuilder.m */; };
		72F2C75B1C20A4C60002F475 /* main.m in Sources */ = {isa = PBXBuildFile; fileRef = 72F2C75A1C20A4C60002F475 /* main.m */; };
		72F2C75E1C20A4C60002F475 /* AppDelegate.m in Sources */ = {isa = PBXBuildFile; fileRef = 72F2C75D1C20A4C60002F475 /* AppDelegate.m */; };
		72F2C7611C20A4C60002F475 /* MasterViewController.m in Sources */ = {isa = PBXBuildFile; fileRef = 72F2C7601C20A4C60002F475 /* MasterViewController.m */; };
		72F2C7641C20A4C60002F475 /* DetailViewController.m in Sources */ = {isa = PBXBuildFile; fileRef = 72F2C7631C20A4C60002F475 /* DetailViewController.m */; };
		72F2C7671C20A4C60002F475 /* Main.storyboard in Resources */ = {isa = PBXBuildFile; fileRef = 72F2C7651C20A4C60002F475 /* Main.storyboard */; };
		72F2C7691C20A4C60002F475 /* Assets.xcassets in Resources */ = {isa = PBXBuildFile; fileRef = 72F2C7681C20A4C60002F475 /* Assets.xcassets */; };
		72F2C76C1C20A4C60002F475 /* LaunchScreen.storyboard in Resources */ = {isa = PBXBuildFile; fileRef = 72F2C76A1C20A4C60002F475 /* LaunchScreen.storyboard */; };
		72F2C7831C20AE0D0002F475 /* TopicTests.m in Sources */ = {isa = PBXBuildFile; fileRef = 72F2C7821C20AE0D0002F475 /* TopicTests.m */; };
		72F2C7861C20AF2E0002F475 /* Topic.m in Sources */ = {isa = PBXBuildFile; fileRef = 72F2C7851C20AF2E0002F475 /* Topic.m */; };
		72F2C7871C20AF2E0002F475 /* Topic.m in Sources */ = {isa = PBXBuildFile; fileRef = 72F2C7851C20AF2E0002F475 /* Topic.m */; };
		72F2C7891C20B43F0002F475 /* QuestionTests.m in Sources */ = {isa = PBXBuildFile; fileRef = 72F2C7881C20B43F0002F475 /* QuestionTests.m */; };
		72F2C78C1C20B4C80002F475 /* Question.m in Sources */ = {isa = PBXBuildFile; fileRef = 72F2C78B1C20B4C80002F475 /* Question.m */; };
		72F2C78D1C20B4C80002F475 /* Question.m in Sources */ = {isa = PBXBuildFile; fileRef = 72F2C78B1C20B4C80002F475 /* Question.m */; };
		72F2C79B1C21FB3C0002F475 /* PersonTests.m in Sources */ = {isa = PBXBuildFile; fileRef = 72F2C79A1C21FB3C0002F475 /* PersonTests.m */; };
		72F2C79E1C21FDC30002F475 /* Person.m in Sources */ = {isa = PBXBuildFile; fileRef = 72F2C79D1C21FDC30002F475 /* Person.m */; };
		72F2C79F1C21FDC30002F475 /* Person.m in Sources */ = {isa = PBXBuildFile; fileRef = 72F2C79D1C21FDC30002F475 /* Person.m */; };
		72F2C7A11C22095F0002F475 /* AnswerTests.m in Sources */ = {isa = PBXBuildFile; fileRef = 72F2C7A01C22095F0002F475 /* AnswerTests.m */; };
		72F2C7A41C220BDB0002F475 /* Answer.m in Sources */ = {isa = PBXBuildFile; fileRef = 72F2C7A31C220BDB0002F475 /* Answer.m */; };
		72F2C7A51C220BDB0002F475 /* Answer.m in Sources */ = {isa = PBXBuildFile; fileRef = 72F2C7A31C220BDB0002F475 /* Answer.m */; };
/* End PBXBuildFile section */

/* Begin PBXContainerItemProxy section */
		72F2C7731C20A4C60002F475 /* PBXContainerItemProxy */ = {
			isa = PBXContainerItemProxy;
			containerPortal = 72F2C74E1C20A4C60002F475 /* Project object */;
			proxyType = 1;
			remoteGlobalIDString = 72F2C7551C20A4C60002F475;
			remoteInfo = StackOverflow;
		};
/* End PBXContainerItemProxy section */

/* Begin PBXFileReference section */
		72718D841C3C26DE00E5C53B /* QuestionCreationTests.m */ = {isa = PBXFileReference; fileEncoding = 4; lastKnownFileType = sourcecode.c.objc; path = QuestionCreationTests.m; sourceTree = "<group>"; };
		72718D861C3C28B600E5C53B /* StackOverflowManager.h */ = {isa = PBXFileReference; fileEncoding = 4; lastKnownFileType = sourcecode.c.h; path = StackOverflowManager.h; sourceTree = "<group>"; };
		72718D871C3C28B600E5C53B /* StackOverflowManager.m */ = {isa = PBXFileReference; fileEncoding = 4; lastKnownFileType = sourcecode.c.objc; path = StackOverflowManager.m; sourceTree = "<group>"; };
		72718D8A1C3C28D200E5C53B /* StackOverflowManagerDelegate.h */ = {isa = PBXFileReference; fileEncoding = 4; lastKnownFileType = sourcecode.c.h; path = StackOverflowManagerDelegate.h; sourceTree = "<group>"; };
		72718D8E1C3C292400E5C53B /* MockStackOverflowManagerDelegate.h */ = {isa = PBXFileReference; fileEncoding = 4; lastKnownFileType = sourcecode.c.h; path = MockStackOverflowManagerDelegate.h; sourceTree = "<group>"; };
		72718D8F1C3C292400E5C53B /* MockStackOverflowManagerDelegate.m */ = {isa = PBXFileReference; fileEncoding = 4; lastKnownFileType = sourcecode.c.objc; path = MockStackOverflowManagerDelegate.m; sourceTree = "<group>"; };
		72718D911C3C2DDC00E5C53B /* StackOverflowCommunicator.h */ = {isa = PBXFileReference; fileEncoding = 4; lastKnownFileType = sourcecode.c.h; path = StackOverflowCommunicator.h; sourceTree = "<group>"; };
		72718D921C3C2DDC00E5C53B /* StackOverflowCommunicator.m */ = {isa = PBXFileReference; fileEncoding = 4; lastKnownFileType = sourcecode.c.objc; path = StackOverflowCommunicator.m; sourceTree = "<group>"; };
		72718D951C3C2DEA00E5C53B /* MockStackOverflowCommunicator.h */ = {isa = PBXFileReference; fileEncoding = 4; lastKnownFileType = sourcecode.c.h; path = MockStackOverflowCommunicator.h; sourceTree = "<group>"; };
		72718D961C3C2DEA00E5C53B /* MockStackOverflowCommunicator.m */ = {isa = PBXFileReference; fileEncoding = 4; lastKnownFileType = sourcecode.c.objc; path = MockStackOverflowCommunicator.m; sourceTree = "<group>"; };
		72718D9B1C3C542800E5C53B /* QuestionBuilder.h */ = {isa = PBXFileReference; fileEncoding = 4; lastKnownFileType = sourcecode.c.h; path = QuestionBuilder.h; sourceTree = "<group>"; };
		72718D9C1C3C542800E5C53B /* QuestionBuilder.m */ = {isa = PBXFileReference; fileEncoding = 4; lastKnownFileType = sourcecode.c.objc; path = QuestionBuilder.m; sourceTree = "<group>"; };
		72718D9F1C3C543900E5C53B /* FakeQuestionBuilder.h */ = {isa = PBXFileReference; fileEncoding = 4; lastKnownFileType = sourcecode.c.h; path = FakeQuestionBuilder.h; sourceTree = "<group>"; };
		72718DA01C3C543900E5C53B /* FakeQuestionBuilder.m */ = {isa = PBXFileReference; fileEncoding = 4; lastKnownFileType = sourcecode.c.objc; path = FakeQuestionBuilder.m; sourceTree = "<group>"; };
		72F2C7561C20A4C60002F475 /* StackOverflow.app */ = {isa = PBXFileReference; explicitFileType = wrapper.application; includeInIndex = 0; path = StackOverflow.app; sourceTree = BUILT_PRODUCTS_DIR; };
		72F2C75A1C20A4C60002F475 /* main.m */ = {isa = PBXFileReference; lastKnownFileType = sourcecode.c.objc; path = main.m; sourceTree = "<group>"; };
		72F2C75C1C20A4C60002F475 /* AppDelegate.h */ = {isa = PBXFileReference; lastKnownFileType = sourcecode.c.h; path = AppDelegate.h; sourceTree = "<group>"; };
		72F2C75D1C20A4C60002F475 /* AppDelegate.m */ = {isa = PBXFileReference; lastKnownFileType = sourcecode.c.objc; path = AppDelegate.m; sourceTree = "<group>"; };
		72F2C75F1C20A4C60002F475 /* MasterViewController.h */ = {isa = PBXFileReference; lastKnownFileType = sourcecode.c.h; path = MasterViewController.h; sourceTree = "<group>"; };
		72F2C7601C20A4C60002F475 /* MasterViewController.m */ = {isa = PBXFileReference; lastKnownFileType = sourcecode.c.objc; path = MasterViewController.m; sourceTree = "<group>"; };
		72F2C7621C20A4C60002F475 /* DetailViewController.h */ = {isa = PBXFileReference; lastKnownFileType = sourcecode.c.h; path = DetailViewController.h; sourceTree = "<group>"; };
		72F2C7631C20A4C60002F475 /* DetailViewController.m */ = {isa = PBXFileReference; lastKnownFileType = sourcecode.c.objc; path = DetailViewController.m; sourceTree = "<group>"; };
		72F2C7661C20A4C60002F475 /* Base */ = {isa = PBXFileReference; lastKnownFileType = file.storyboard; name = Base; path = Base.lproj/Main.storyboard; sourceTree = "<group>"; };
		72F2C7681C20A4C60002F475 /* Assets.xcassets */ = {isa = PBXFileReference; lastKnownFileType = folder.assetcatalog; path = Assets.xcassets; sourceTree = "<group>"; };
		72F2C76B1C20A4C60002F475 /* Base */ = {isa = PBXFileReference; lastKnownFileType = file.storyboard; name = Base; path = Base.lproj/LaunchScreen.storyboard; sourceTree = "<group>"; };
		72F2C76D1C20A4C60002F475 /* Info.plist */ = {isa = PBXFileReference; lastKnownFileType = text.plist.xml; path = Info.plist; sourceTree = "<group>"; };
		72F2C7721C20A4C60002F475 /* StackOverflowTests.xctest */ = {isa = PBXFileReference; explicitFileType = wrapper.cfbundle; includeInIndex = 0; path = StackOverflowTests.xctest; sourceTree = BUILT_PRODUCTS_DIR; };
		72F2C7781C20A4C60002F475 /* Info.plist */ = {isa = PBXFileReference; lastKnownFileType = text.plist.xml; path = Info.plist; sourceTree = "<group>"; };
		72F2C7821C20AE0D0002F475 /* TopicTests.m */ = {isa = PBXFileReference; fileEncoding = 4; lastKnownFileType = sourcecode.c.objc; path = TopicTests.m; sourceTree = "<group>"; };
		72F2C7841C20AF2E0002F475 /* Topic.h */ = {isa = PBXFileReference; fileEncoding = 4; lastKnownFileType = sourcecode.c.h; path = Topic.h; sourceTree = "<group>"; };
		72F2C7851C20AF2E0002F475 /* Topic.m */ = {isa = PBXFileReference; fileEncoding = 4; lastKnownFileType = sourcecode.c.objc; path = Topic.m; sourceTree = "<group>"; };
		72F2C7881C20B43F0002F475 /* QuestionTests.m */ = {isa = PBXFileReference; fileEncoding = 4; lastKnownFileType = sourcecode.c.objc; path = QuestionTests.m; sourceTree = "<group>"; };
		72F2C78A1C20B4C80002F475 /* Question.h */ = {isa = PBXFileReference; fileEncoding = 4; lastKnownFileType = sourcecode.c.h; path = Question.h; sourceTree = "<group>"; };
		72F2C78B1C20B4C80002F475 /* Question.m */ = {isa = PBXFileReference; fileEncoding = 4; lastKnownFileType = sourcecode.c.objc; path = Question.m; sourceTree = "<group>"; };
		72F2C79A1C21FB3C0002F475 /* PersonTests.m */ = {isa = PBXFileReference; fileEncoding = 4; lastKnownFileType = sourcecode.c.objc; path = PersonTests.m; sourceTree = "<group>"; };
		72F2C79C1C21FDC30002F475 /* Person.h */ = {isa = PBXFileReference; fileEncoding = 4; lastKnownFileType = sourcecode.c.h; path = Person.h; sourceTree = "<group>"; };
		72F2C79D1C21FDC30002F475 /* Person.m */ = {isa = PBXFileReference; fileEncoding = 4; lastKnownFileType = sourcecode.c.objc; path = Person.m; sourceTree = "<group>"; };
		72F2C7A01C22095F0002F475 /* AnswerTests.m */ = {isa = PBXFileReference; fileEncoding = 4; lastKnownFileType = sourcecode.c.objc; path = AnswerTests.m; sourceTree = "<group>"; };
		72F2C7A21C220BDB0002F475 /* Answer.h */ = {isa = PBXFileReference; fileEncoding = 4; lastKnownFileType = sourcecode.c.h; path = Answer.h; sourceTree = "<group>"; };
		72F2C7A31C220BDB0002F475 /* Answer.m */ = {isa = PBXFileReference; fileEncoding = 4; lastKnownFileType = sourcecode.c.objc; path = Answer.m; sourceTree = "<group>"; };
/* End PBXFileReference section */

/* Begin PBXFrameworksBuildPhase section */
		72F2C7531C20A4C60002F475 /* Frameworks */ = {
			isa = PBXFrameworksBuildPhase;
			buildActionMask = 2147483647;
			files = (
			);
			runOnlyForDeploymentPostprocessing = 0;
		};
		72F2C76F1C20A4C60002F475 /* Frameworks */ = {
			isa = PBXFrameworksBuildPhase;
			buildActionMask = 2147483647;
			files = (
			);
			runOnlyForDeploymentPostprocessing = 0;
		};
/* End PBXFrameworksBuildPhase section */

/* Begin PBXGroup section */
		72F2C74D1C20A4C60002F475 = {
			isa = PBXGroup;
			children = (
				72F2C7581C20A4C60002F475 /* StackOverflow */,
				72F2C7751C20A4C60002F475 /* StackOverflowTests */,
				72F2C7571C20A4C60002F475 /* Products */,
			);
			sourceTree = "<group>";
		};
		72F2C7571C20A4C60002F475 /* Products */ = {
			isa = PBXGroup;
			children = (
				72F2C7561C20A4C60002F475 /* StackOverflow.app */,
				72F2C7721C20A4C60002F475 /* StackOverflowTests.xctest */,
			);
			name = Products;
			sourceTree = "<group>";
		};
		72F2C7581C20A4C60002F475 /* StackOverflow */ = {
			isa = PBXGroup;
			children = (
				72F2C7811C20AD8B0002F475 /* DataModel */,
				72F2C75C1C20A4C60002F475 /* AppDelegate.h */,
				72F2C75D1C20A4C60002F475 /* AppDelegate.m */,
				72F2C75F1C20A4C60002F475 /* MasterViewController.h */,
				72F2C7601C20A4C60002F475 /* MasterViewController.m */,
				72F2C7621C20A4C60002F475 /* DetailViewController.h */,
				72F2C7631C20A4C60002F475 /* DetailViewController.m */,
				72F2C7651C20A4C60002F475 /* Main.storyboard */,
				72F2C7681C20A4C60002F475 /* Assets.xcassets */,
				72F2C76A1C20A4C60002F475 /* LaunchScreen.storyboard */,
				72F2C76D1C20A4C60002F475 /* Info.plist */,
				72F2C7591C20A4C60002F475 /* Supporting Files */,
				72718D861C3C28B600E5C53B /* StackOverflowManager.h */,
				72718D871C3C28B600E5C53B /* StackOverflowManager.m */,
				72718D8A1C3C28D200E5C53B /* StackOverflowManagerDelegate.h */,
				72718D911C3C2DDC00E5C53B /* StackOverflowCommunicator.h */,
				72718D921C3C2DDC00E5C53B /* StackOverflowCommunicator.m */,
				72718D9B1C3C542800E5C53B /* QuestionBuilder.h */,
				72718D9C1C3C542800E5C53B /* QuestionBuilder.m */,
			);
			path = StackOverflow;
			sourceTree = "<group>";
		};
		72F2C7591C20A4C60002F475 /* Supporting Files */ = {
			isa = PBXGroup;
			children = (
				72F2C75A1C20A4C60002F475 /* main.m */,
			);
			name = "Supporting Files";
			sourceTree = "<group>";
		};
		72F2C7751C20A4C60002F475 /* StackOverflowTests */ = {
			isa = PBXGroup;
			children = (
				72F2C7781C20A4C60002F475 /* Info.plist */,
				72F2C7821C20AE0D0002F475 /* TopicTests.m */,
				72F2C7881C20B43F0002F475 /* QuestionTests.m */,
				72F2C79A1C21FB3C0002F475 /* PersonTests.m */,
				72F2C7A01C22095F0002F475 /* AnswerTests.m */,
				72718D841C3C26DE00E5C53B /* QuestionCreationTests.m */,
				72718D8E1C3C292400E5C53B /* MockStackOverflowManagerDelegate.h */,
				72718D8F1C3C292400E5C53B /* MockStackOverflowManagerDelegate.m */,
				72718D951C3C2DEA00E5C53B /* MockStackOverflowCommunicator.h */,
				72718D961C3C2DEA00E5C53B /* MockStackOverflowCommunicator.m */,
				72718D9F1C3C543900E5C53B /* FakeQuestionBuilder.h */,
				72718DA01C3C543900E5C53B /* FakeQuestionBuilder.m */,
			);
			path = StackOverflowTests;
			sourceTree = "<group>";
		};
		72F2C7811C20AD8B0002F475 /* DataModel */ = {
			isa = PBXGroup;
			children = (
				72F2C7841C20AF2E0002F475 /* Topic.h */,
				72F2C7851C20AF2E0002F475 /* Topic.m */,
				72F2C78A1C20B4C80002F475 /* Question.h */,
				72F2C78B1C20B4C80002F475 /* Question.m */,
				72F2C79C1C21FDC30002F475 /* Person.h */,
				72F2C79D1C21FDC30002F475 /* Person.m */,
				72F2C7A21C220BDB0002F475 /* Answer.h */,
				72F2C7A31C220BDB0002F475 /* Answer.m */,
			);
			name = DataModel;
			sourceTree = "<group>";
		};
/* End PBXGroup section */

/* Begin PBXNativeTarget section */
		72F2C7551C20A4C60002F475 /* StackOverflow */ = {
			isa = PBXNativeTarget;
			buildConfigurationList = 72F2C77B1C20A4C60002F475 /* Build configuration list for PBXNativeTarget "StackOverflow" */;
			buildPhases = (
				72F2C7521C20A4C60002F475 /* Sources */,
				72F2C7531C20A4C60002F475 /* Frameworks */,
				72F2C7541C20A4C60002F475 /* Resources */,
			);
			buildRules = (
			);
			dependencies = (
			);
			name = StackOverflow;
			productName = StackOverflow;
			productReference = 72F2C7561C20A4C60002F475 /* StackOverflow.app */;
			productType = "com.apple.product-type.application";
		};
		72F2C7711C20A4C60002F475 /* StackOverflowTests */ = {
			isa = PBXNativeTarget;
			buildConfigurationList = 72F2C77E1C20A4C60002F475 /* Build configuration list for PBXNativeTarget "StackOverflowTests" */;
			buildPhases = (
				72F2C76E1C20A4C60002F475 /* Sources */,
				72F2C76F1C20A4C60002F475 /* Frameworks */,
				72F2C7701C20A4C60002F475 /* Resources */,
			);
			buildRules = (
			);
			dependencies = (
				72F2C7741C20A4C60002F475 /* PBXTargetDependency */,
			);
			name = StackOverflowTests;
			productName = StackOverflowTests;
			productReference = 72F2C7721C20A4C60002F475 /* StackOverflowTests.xctest */;
			productType = "com.apple.product-type.bundle.unit-test";
		};
/* End PBXNativeTarget section */

/* Begin PBXProject section */
		72F2C74E1C20A4C60002F475 /* Project object */ = {
			isa = PBXProject;
			attributes = {
				LastUpgradeCheck = 0720;
				ORGANIZATIONNAME = KovalchukCo;
				TargetAttributes = {
					72F2C7551C20A4C60002F475 = {
						CreatedOnToolsVersion = 7.2;
					};
					72F2C7711C20A4C60002F475 = {
						CreatedOnToolsVersion = 7.2;
						TestTargetID = 72F2C7551C20A4C60002F475;
					};
				};
			};
			buildConfigurationList = 72F2C7511C20A4C60002F475 /* Build configuration list for PBXProject "StackOverflow" */;
			compatibilityVersion = "Xcode 3.2";
			developmentRegion = English;
			hasScannedForEncodings = 0;
			knownRegions = (
				en,
				Base,
			);
			mainGroup = 72F2C74D1C20A4C60002F475;
			productRefGroup = 72F2C7571C20A4C60002F475 /* Products */;
			projectDirPath = "";
			projectRoot = "";
			targets = (
				72F2C7551C20A4C60002F475 /* StackOverflow */,
				72F2C7711C20A4C60002F475 /* StackOverflowTests */,
			);
		};
/* End PBXProject section */

/* Begin PBXResourcesBuildPhase section */
		72F2C7541C20A4C60002F475 /* Resources */ = {
			isa = PBXResourcesBuildPhase;
			buildActionMask = 2147483647;
			files = (
				72F2C76C1C20A4C60002F475 /* LaunchScreen.storyboard in Resources */,
				72F2C7691C20A4C60002F475 /* Assets.xcassets in Resources */,
				72F2C7671C20A4C60002F475 /* Main.storyboard in Resources */,
			);
			runOnlyForDeploymentPostprocessing = 0;
		};
		72F2C7701C20A4C60002F475 /* Resources */ = {
			isa = PBXResourcesBuildPhase;
			buildActionMask = 2147483647;
			files = (
			);
			runOnlyForDeploymentPostprocessing = 0;
		};
/* End PBXResourcesBuildPhase section */

/* Begin PBXSourcesBuildPhase section */
		72F2C7521C20A4C60002F475 /* Sources */ = {
			isa = PBXSourcesBuildPhase;
			buildActionMask = 2147483647;
			files = (
				72718D9D1C3C542800E5C53B /* QuestionBuilder.m in Sources */,
				72F2C75E1C20A4C60002F475 /* AppDelegate.m in Sources */,
				72F2C7611C20A4C60002F475 /* MasterViewController.m in Sources */,
				72F2C79E1C21FDC30002F475 /* Person.m in Sources */,
				72718D931C3C2DDC00E5C53B /* StackOverflowCommunicator.m in Sources */,
				72F2C7A41C220BDB0002F475 /* Answer.m in Sources */,
				72F2C75B1C20A4C60002F475 /* main.m in Sources */,
				72F2C78C1C20B4C80002F475 /* Question.m in Sources */,
				72F2C7861C20AF2E0002F475 /* Topic.m in Sources */,
				72718D881C3C28B600E5C53B /* StackOverflowManager.m in Sources */,
				72F2C7641C20A4C60002F475 /* DetailViewController.m in Sources */,
			);
			runOnlyForDeploymentPostprocessing = 0;
		};
		72F2C76E1C20A4C60002F475 /* Sources */ = {
			isa = PBXSourcesBuildPhase;
			buildActionMask = 2147483647;
			files = (
				72F2C7A11C22095F0002F475 /* AnswerTests.m in Sources */,
				72718DA11C3C543900E5C53B /* FakeQuestionBuilder.m in Sources */,
				72F2C79F1C21FDC30002F475 /* Person.m in Sources */,
				72F2C7831C20AE0D0002F475 /* TopicTests.m in Sources */,
				72718D971C3C2DEA00E5C53B /* MockStackOverflowCommunicator.m in Sources */,
				72F2C7A51C220BDB0002F475 /* Answer.m in Sources */,
				72718D9E1C3C542800E5C53B /* QuestionBuilder.m in Sources */,
				72718D901C3C292400E5C53B /* MockStackOverflowManagerDelegate.m in Sources */,
				72F2C78D1C20B4C80002F475 /* Question.m in Sources */,
				72F2C7891C20B43F0002F475 /* QuestionTests.m in Sources */,
				72718D891C3C28B600E5C53B /* StackOverflowManager.m in Sources */,
				72718D851C3C26DE00E5C53B /* QuestionCreationTests.m in Sources */,
				72718D941C3C2DDC00E5C53B /* StackOverflowCommunicator.m in Sources */,
				72F2C7871C20AF2E0002F475 /* Topic.m in Sources */,
				72F2C79B1C21FB3C0002F475 /* PersonTests.m in Sources */,
			);
			runOnlyForDeploymentPostprocessing = 0;
		};
/* End PBXSourcesBuildPhase section */

/* Begin PBXTargetDependency section */
		72F2C7741C20A4C60002F475 /* PBXTargetDependency */ = {
			isa = PBXTargetDependency;
			target = 72F2C7551C20A4C60002F475 /* StackOverflow */;
			targetProxy = 72F2C7731C20A4C60002F475 /* PBXContainerItemProxy */;
		};
/* End PBXTargetDependency section */

/* Begin PBXVariantGroup section */
		72F2C7651C20A4C60002F475 /* Main.storyboard */ = {
			isa = PBXVariantGroup;
			children = (
				72F2C7661C20A4C60002F475 /* Base */,
			);
			name = Main.storyboard;
			sourceTree = "<group>";
		};
		72F2C76A1C20A4C60002F475 /* LaunchScreen.storyboard */ = {
			isa = PBXVariantGroup;
			children = (
				72F2C76B1C20A4C60002F475 /* Base */,
			);
			name = LaunchScreen.storyboard;
			sourceTree = "<group>";
		};
/* End PBXVariantGroup section */

/* Begin XCBuildConfiguration section */
		72F2C7791C20A4C60002F475 /* Debug */ = {
			isa = XCBuildConfiguration;
			buildSettings = {
				ALWAYS_SEARCH_USER_PATHS = NO;
				CLANG_CXX_LANGUAGE_STANDARD = "gnu++0x";
				CLANG_CXX_LIBRARY = "libc++";
				CLANG_ENABLE_MODULES = YES;
				CLANG_ENABLE_OBJC_ARC = YES;
				CLANG_WARN_BOOL_CONVERSION = YES;
				CLANG_WARN_CONSTANT_CONVERSION = YES;
				CLANG_WARN_DIRECT_OBJC_ISA_USAGE = YES_ERROR;
				CLANG_WARN_EMPTY_BODY = YES;
				CLANG_WARN_ENUM_CONVERSION = YES;
				CLANG_WARN_INT_CONVERSION = YES;
				CLANG_WARN_OBJC_ROOT_CLASS = YES_ERROR;
				CLANG_WARN_UNREACHABLE_CODE = YES;
				CLANG_WARN__DUPLICATE_METHOD_MATCH = YES;
				"CODE_SIGN_IDENTITY[sdk=iphoneos*]" = "iPhone Developer";
				COPY_PHASE_STRIP = NO;
				DEBUG_INFORMATION_FORMAT = dwarf;
				ENABLE_STRICT_OBJC_MSGSEND = YES;
				ENABLE_TESTABILITY = YES;
				GCC_C_LANGUAGE_STANDARD = gnu99;
				GCC_DYNAMIC_NO_PIC = NO;
				GCC_NO_COMMON_BLOCKS = YES;
				GCC_OPTIMIZATION_LEVEL = 0;
				GCC_PREPROCESSOR_DEFINITIONS = (
					"DEBUG=1",
					"$(inherited)",
				);
				GCC_WARN_64_TO_32_BIT_CONVERSION = YES;
				GCC_WARN_ABOUT_RETURN_TYPE = YES_ERROR;
				GCC_WARN_UNDECLARED_SELECTOR = YES;
				GCC_WARN_UNINITIALIZED_AUTOS = YES_AGGRESSIVE;
				GCC_WARN_UNUSED_FUNCTION = YES;
				GCC_WARN_UNUSED_VARIABLE = YES;
				IPHONEOS_DEPLOYMENT_TARGET = 9.2;
				MTL_ENABLE_DEBUG_INFO = YES;
				ONLY_ACTIVE_ARCH = YES;
				SDKROOT = iphoneos;
			};
			name = Debug;
		};
		72F2C77A1C20A4C60002F475 /* Release */ = {
			isa = XCBuildConfiguration;
			buildSettings = {
				ALWAYS_SEARCH_USER_PATHS = NO;
				CLANG_CXX_LANGUAGE_STANDARD = "gnu++0x";
				CLANG_CXX_LIBRARY = "libc++";
				CLANG_ENABLE_MODULES = YES;
				CLANG_ENABLE_OBJC_ARC = YES;
				CLANG_WARN_BOOL_CONVERSION = YES;
				CLANG_WARN_CONSTANT_CONVERSION = YES;
				CLANG_WARN_DIRECT_OBJC_ISA_USAGE = YES_ERROR;
				CLANG_WARN_EMPTY_BODY = YES;
				CLANG_WARN_ENUM_CONVERSION = YES;
				CLANG_WARN_INT_CONVERSION = YES;
				CLANG_WARN_OBJC_ROOT_CLASS = YES_ERROR;
				CLANG_WARN_UNREACHABLE_CODE = YES;
				CLANG_WARN__DUPLICATE_METHOD_MATCH = YES;
				"CODE_SIGN_IDENTITY[sdk=iphoneos*]" = "iPhone Developer";
				COPY_PHASE_STRIP = NO;
				DEBUG_INFORMATION_FORMAT = "dwarf-with-dsym";
				ENABLE_NS_ASSERTIONS = NO;
				ENABLE_STRICT_OBJC_MSGSEND = YES;
				GCC_C_LANGUAGE_STANDARD = gnu99;
				GCC_NO_COMMON_BLOCKS = YES;
				GCC_WARN_64_TO_32_BIT_CONVERSION = YES;
				GCC_WARN_ABOUT_RETURN_TYPE = YES_ERROR;
				GCC_WARN_UNDECLARED_SELECTOR = YES;
				GCC_WARN_UNINITIALIZED_AUTOS = YES_AGGRESSIVE;
				GCC_WARN_UNUSED_FUNCTION = YES;
				GCC_WARN_UNUSED_VARIABLE = YES;
				IPHONEOS_DEPLOYMENT_TARGET = 9.2;
				MTL_ENABLE_DEBUG_INFO = NO;
				SDKROOT = iphoneos;
				VALIDATE_PRODUCT = YES;
			};
			name = Release;
		};
		72F2C77C1C20A4C60002F475 /* Debug */ = {
			isa = XCBuildConfiguration;
			buildSettings = {
				ASSETCATALOG_COMPILER_APPICON_NAME = AppIcon;
				INFOPLIST_FILE = StackOverflow/Info.plist;
				LD_RUNPATH_SEARCH_PATHS = "$(inherited) @executable_path/Frameworks";
				PRODUCT_BUNDLE_IDENTIFIER = com.kovalgek.StackOverflow;
				PRODUCT_NAME = "$(TARGET_NAME)";
			};
			name = Debug;
		};
		72F2C77D1C20A4C60002F475 /* Release */ = {
			isa = XCBuildConfiguration;
			buildSettings = {
				ASSETCATALOG_COMPILER_APPICON_NAME = AppIcon;
				INFOPLIST_FILE = StackOverflow/Info.plist;
				LD_RUNPATH_SEARCH_PATHS = "$(inherited) @executable_path/Frameworks";
				PRODUCT_BUNDLE_IDENTIFIER = com.kovalgek.StackOverflow;
				PRODUCT_NAME = "$(TARGET_NAME)";
			};
			name = Release;
		};
		72F2C77F1C20A4C60002F475 /* Debug */ = {
			isa = XCBuildConfiguration;
			buildSettings = {
				BUNDLE_LOADER = "$(TEST_HOST)";
				INFOPLIST_FILE = StackOverflowTests/Info.plist;
				LD_RUNPATH_SEARCH_PATHS = "$(inherited) @executable_path/Frameworks @loader_path/Frameworks";
				PRODUCT_BUNDLE_IDENTIFIER = com.kovalgek.StackOverflowTests;
				PRODUCT_NAME = "$(TARGET_NAME)";
				TEST_HOST = "$(BUILT_PRODUCTS_DIR)/StackOverflow.app/StackOverflow";
			};
			name = Debug;
		};
		72F2C7801C20A4C60002F475 /* Release */ = {
			isa = XCBuildConfiguration;
			buildSettings = {
				BUNDLE_LOADER = "$(TEST_HOST)";
				INFOPLIST_FILE = StackOverflowTests/Info.plist;
				LD_RUNPATH_SEARCH_PATHS = "$(inherited) @executable_path/Frameworks @loader_path/Frameworks";
				PRODUCT_BUNDLE_IDENTIFIER = com.kovalgek.StackOverflowTests;
				PRODUCT_NAME = "$(TARGET_NAME)";
				TEST_HOST = "$(BUILT_PRODUCTS_DIR)/StackOverflow.app/StackOverflow";
			};
			name = Release;
		};
/* End XCBuildConfiguration section */

/* Begin XCConfigurationList section */
		72F2C7511C20A4C60002F475 /* Build configuration list for PBXProject "StackOverflow" */ = {
			isa = XCConfigurationList;
			buildConfigurations = (
				72F2C7791C20A4C60002F475 /* Debug */,
				72F2C77A1C20A4C60002F475 /* Release */,
			);
			defaultConfigurationIsVisible = 0;
			defaultConfigurationName = Release;
		};
		72F2C77B1C20A4C60002F475 /* Build configuration list for PBXNativeTarget "StackOverflow" */ = {
			isa = XCConfigurationList;
			buildConfigurations = (
				72F2C77C1C20A4C60002F475 /* Debug */,
				72F2C77D1C20A4C60002F475 /* Release */,
			);
			defaultConfigurationIsVisible = 0;
			defaultConfigurationName = Release;
		};
		72F2C77E1C20A4C60002F475 /* Build configuration list for PBXNativeTarget "StackOverflowTests" */ = {
			isa = XCConfigurationList;
			buildConfigurations = (
				72F2C77F1C20A4C60002F475 /* Debug */,
				72F2C7801C20A4C60002F475 /* Release */,
			);
			defaultConfigurationIsVisible = 0;
			defaultConfigurationName = Release;
		};
/* End XCConfigurationList section */
	};
	rootObject = 72F2C74E1C20A4C60002F475 /* Project object */;
}
